{
    "_meta": {
        "hash": {
            "sha256": "3dd363b2c04aa13439284c56b4ada4fae75e79e7acd7a05cfb12dc226f2963f3"
        },
        "pipfile-spec": 6,
        "requires": {
            "python_version": "3.12"
        },
        "sources": [
            {
                "name": "pypi",
                "url": "https://pypi.org/simple",
                "verify_ssl": true
            }
        ]
    },
    "default": {
        "bcrypt": {
            "hashes": [
                "sha256:096a15d26ed6ce37a14c1ac1e48119660f21b24cba457f160a4b830f3fe6b5cb",
                "sha256:0da52759f7f30e83f1e30a888d9163a81353ef224d82dc58eb5bb52efcabc399",
                "sha256:1bb429fedbe0249465cdd85a58e8376f31bb315e484f16e68ca4c786dcc04291",
                "sha256:1d84cf6d877918620b687b8fd1bf7781d11e8a0998f576c7aa939776b512b98d",
                "sha256:1ee38e858bf5d0287c39b7a1fc59eec64bbf880c7d504d3a06a96c16e14058e7",
                "sha256:1ff39b78a52cf03fdf902635e4c81e544714861ba3f0efc56558979dd4f09170",
                "sha256:27fe0f57bb5573104b5a6de5e4153c60814c711b29364c10a75a54bb6d7ff48d",
                "sha256:3413bd60460f76097ee2e0a493ccebe4a7601918219c02f503984f0a7ee0aebe",
                "sha256:3698393a1b1f1fd5714524193849d0c6d524d33523acca37cd28f02899285060",
                "sha256:373db9abe198e8e2c70d12b479464e0d5092cc122b20ec504097b5f2297ed184",
                "sha256:39e1d30c7233cfc54f5c3f2c825156fe044efdd3e0b9d309512cc514a263ec2a",
                "sha256:3bbbfb2734f0e4f37c5136130405332640a1e46e6b23e000eeff2ba8d005da68",
                "sha256:3d3a6d28cb2305b43feac298774b997e372e56c7c7afd90a12b3dc49b189151c",
                "sha256:5a1e8aa9b28ae28020a3ac4b053117fb51c57a010b9f969603ed885f23841458",
                "sha256:61ed14326ee023917ecd093ee6ef422a72f3aec6f07e21ea5f10622b735538a9",
                "sha256:655ea221910bcac76ea08aaa76df427ef8625f92e55a8ee44fbf7753dbabb328",
                "sha256:762a2c5fb35f89606a9fde5e51392dad0cd1ab7ae64149a8b935fe8d79dd5ed7",
                "sha256:77800b7147c9dc905db1cba26abe31e504d8247ac73580b4aa179f98e6608f34",
                "sha256:8ac68872c82f1add6a20bd489870c71b00ebacd2e9134a8aa3f98a0052ab4b0e",
                "sha256:8d7bb9c42801035e61c109c345a28ed7e84426ae4865511eb82e913df18f58c2",
                "sha256:8f6ede91359e5df88d1f5c1ef47428a4420136f3ce97763e31b86dd8280fbdf5",
                "sha256:9c1c4ad86351339c5f320ca372dfba6cb6beb25e8efc659bedd918d921956bae",
                "sha256:c02d944ca89d9b1922ceb8a46460dd17df1ba37ab66feac4870f6862a1533c00",
                "sha256:c52aac18ea1f4a4f65963ea4f9530c306b56ccd0c6f8c8da0c06976e34a6e841",
                "sha256:cb2a8ec2bc07d3553ccebf0746bbf3d19426d1c6d1adbd4fa48925f66af7b9e8",
                "sha256:cf69eaf5185fd58f268f805b505ce31f9b9fc2d64b376642164e9244540c1221",
                "sha256:f4f4acf526fcd1c34e7ce851147deedd4e26e6402369304220250598b26448db"
            ],
            "markers": "python_version >= '3.7'",
            "version": "==4.2.0"
        },
        "cffi": {
            "hashes": [
                "sha256:00bdf7acc5f795150faa6957054fbbca2439db2f775ce831222b66f192f03beb",
                "sha256:07b271772c100085dd28b74fa0cd81c8fb1a3ba18b21e03d7c27f3436a10606b",
                "sha256:087067fa8953339c723661eda6b54bc98c5625757ea62e95eb4898ad5e776e9f",
                "sha256:0a1527a803f0a659de1af2e1fd700213caba79377e27e4693648c2923da066f9",
                "sha256:0cf2d91ecc3fcc0625c2c530fe004f82c110405f101548512cce44322fa8ac44",
                "sha256:0f6084a0ea23d05d20c3edcda20c3d006f9b6f3fefeac38f59262e10cef47ee2",
                "sha256:12873ca6cb9b0f0d3a0da705d6086fe911591737a59f28b7936bdfed27c0d47c",
                "sha256:19f705ada2530c1167abacb171925dd886168931e0a7b78f5bffcae5c6b5be75",
                "sha256:1cd13c99ce269b3ed80b417dcd591415d3372bcac067009b6e0f59c7d4015e65",
                "sha256:1e3a615586f05fc4065a8b22b8152f0c1b00cdbc60596d187c2a74f9e3036e4e",
                "sha256:1f72fb8906754ac8a2cc3f9f5aaa298070652a0ffae577e0ea9bd480dc3c931a",
                "sha256:1fc9ea04857caf665289b7a75923f2c6ed559b8298a1b8c49e59f7dd95c8481e",
                "sha256:203a48d1fb583fc7d78a4c6655692963b860a417c0528492a6bc21f1aaefab25",
                "sha256:2081580ebb843f759b9f617314a24ed5738c51d2aee65d31e02f6f7a2b97707a",
                "sha256:21d1152871b019407d8ac3985f6775c079416c282e431a4da6afe7aefd2bccbe",
                "sha256:24b6f81f1983e6df8db3adc38562c83f7d4a0c36162885ec7f7b77c7dcbec97b",
                "sha256:256f80b80ca3853f90c21b23ee78cd008713787b1b1e93eae9f3d6a7134abd91",
                "sha256:28a3a209b96630bca57cce802da70c266eb08c6e97e5afd61a75611ee6c64592",
                "sha256:2c8f814d84194c9ea681642fd164267891702542f028a15fc97d4674b6206187",
                "sha256:2de9a304e27f7596cd03d16f1b7c72219bd944e99cc52b84d0145aefb07cbd3c",
                "sha256:38100abb9d1b1435bc4cc340bb4489635dc2f0da7456590877030c9b3d40b0c1",
                "sha256:3925dd22fa2b7699ed2617149842d2e6adde22b262fcbfada50e3d195e4b3a94",
                "sha256:3e17ed538242334bf70832644a32a7aae3d83b57567f9fd60a26257e992b79ba",
                "sha256:3e837e369566884707ddaf85fc1744b47575005c0a229de3327f8f9a20f4efeb",
                "sha256:3f4d46d8b35698056ec29bca21546e1551a205058ae1a181d871e278b0b28165",
                "sha256:44d1b5909021139fe36001ae048dbdde8214afa20200eda0f64c068cac5d5529",
                "sha256:45d5e886156860dc35862657e1494b9bae8dfa63bf56796f2fb56e1679fc0bca",
                "sha256:4647afc2f90d1ddd33441e5b0e85b16b12ddec4fca55f0d9671fef036ecca27c",
                "sha256:4671d9dd5ec934cb9a73e7ee9676f9362aba54f7f34910956b84d727b0d73fb6",
                "sha256:53f77cbe57044e88bbd5ed26ac1d0514d2acf0591dd6bb02a3ae37f76811b80c",
                "sha256:5eda85d6d1879e692d546a078b44251cdd08dd1cfb98dfb77b670c97cee49ea0",
                "sha256:5fed36fccc0612a53f1d4d9a816b50a36702c28a2aa880cb8a122b3466638743",
                "sha256:61d028e90346df14fedc3d1e5441df818d095f3b87d286825dfcbd6459b7ef63",
                "sha256:66f011380d0e49ed280c789fbd08ff0d40968ee7b665575489afa95c98196ab5",
                "sha256:6824f87845e3396029f3820c206e459ccc91760e8fa24422f8b0c3d1731cbec5",
                "sha256:6c6c373cfc5c83a975506110d17457138c8c63016b563cc9ed6e056a82f13ce4",
                "sha256:6d02d6655b0e54f54c4ef0b94eb6be0607b70853c45ce98bd278dc7de718be5d",
                "sha256:6d50360be4546678fc1b79ffe7a66265e28667840010348dd69a314145807a1b",
                "sha256:730cacb21e1bdff3ce90babf007d0a0917cc3e6492f336c2f0134101e0944f93",
                "sha256:737fe7d37e1a1bffe70bd5754ea763a62a066dc5913ca57e957824b72a85e205",
                "sha256:74a03b9698e198d47562765773b4a8309919089150a0bb17d829ad7b44b60d27",
                "sha256:7553fb2090d71822f02c629afe6042c299edf91ba1bf94951165613553984512",
                "sha256:7a66c7204d8869299919db4d5069a82f1561581af12b11b3c9f48c584eb8743d",
                "sha256:7cc09976e8b56f8cebd752f7113ad07752461f48a58cbba644139015ac24954c",
                "sha256:81afed14892743bbe14dacb9e36d9e0e504cd204e0b165062c488942b9718037",
                "sha256:8941aaadaf67246224cee8c3803777eed332a19d909b47e29c9842ef1e79ac26",
                "sha256:89472c9762729b5ae1ad974b777416bfda4ac5642423fa93bd57a09204712322",
                "sha256:8ea985900c5c95ce9db1745f7933eeef5d314f0565b27625d9a10ec9881e1bfb",
                "sha256:8eca2a813c1cb7ad4fb74d368c2ffbbb4789d377ee5bb8df98373c2cc0dee76c",
                "sha256:92b68146a71df78564e4ef48af17551a5ddd142e5190cdf2c5624d0c3ff5b2e8",
                "sha256:9332088d75dc3241c702d852d4671613136d90fa6881da7d770a483fd05248b4",
                "sha256:94698a9c5f91f9d138526b48fe26a199609544591f859c870d477351dc7b2414",
                "sha256:9a67fc9e8eb39039280526379fb3a70023d77caec1852002b4da7e8b270c4dd9",
                "sha256:9de40a7b0323d889cf8d23d1ef214f565ab154443c42737dfe52ff82cf857664",
                "sha256:a05d0c237b3349096d3981b727493e22147f934b20f6f125a3eba8f994bec4a9",
                "sha256:afb8db5439b81cf9c9d0c80404b60c3cc9c3add93e114dcae767f1477cb53775",
                "sha256:b18a3ed7d5b3bd8d9ef7a8cb226502c6bf8308df1525e1cc676c3680e7176739",
                "sha256:b1e74d11748e7e98e2f426ab176d4ed720a64412b6a15054378afdb71e0f37dc",
                "sha256:b21e08af67b8a103c71a250401c78d5e0893beff75e28c53c98f4de42f774062",
                "sha256:b4c854ef3adc177950a8dfc81a86f5115d2abd545751a304c5bcf2c2c7283cfe",
                "sha256:b882b3df248017dba09d6b16defe9b5c407fe32fc7c65a9c69798e6175601be9",
                "sha256:baf5215e0ab74c16e2dd324e8ec067ef59e41125d3eade2b863d294fd5035c92",
                "sha256:c649e3a33450ec82378822b3dad03cc228b8f5963c0c12fc3b1e0ab940f768a5",
                "sha256:c654de545946e0db659b3400168c9ad31b5d29593291482c43e3564effbcee13",
                "sha256:c6638687455baf640e37344fe26d37c404db8b80d037c3d29f58fe8d1c3b194d",
                "sha256:c8d3b5532fc71b7a77c09192b4a5a200ea992702734a2e9279a37f2478236f26",
                "sha256:cb527a79772e5ef98fb1d700678fe031e353e765d1ca2d409c92263c6d43e09f",
                "sha256:cf364028c016c03078a23b503f02058f1814320a56ad535686f90565636a9495",
                "sha256:d48a880098c96020b02d5a1f7d9251308510ce8858940e6fa99ece33f610838b",
                "sha256:d68b6cef7827e8641e8ef16f4494edda8b36104d79773a334beaa1e3521430f6",
                "sha256:d9b29c1f0ae438d5ee9acb31cadee00a58c46cc9c0b2f9038c6b0b3470877a8c",
                "sha256:d9b97165e8aed9272a6bb17c01e3cc5871a594a446ebedc996e2397a1c1ea8ef",
                "sha256:da68248800ad6320861f129cd9c1bf96ca849a2771a59e0344e88681905916f5",
                "sha256:da902562c3e9c550df360bfa53c035b2f241fed6d9aef119048073680ace4a18",
                "sha256:dbd5c7a25a7cb98f5ca55d258b103a2054f859a46ae11aaf23134f9cc0d356ad",
                "sha256:dd4f05f54a52fb558f1ba9f528228066954fee3ebe629fc1660d874d040ae5a3",
                "sha256:de8dad4425a6ca6e4e5e297b27b5c824ecc7581910bf9aee86cb6835e6812aa7",
                "sha256:e11e82b744887154b182fd3e7e8512418446501191994dbf9c9fc1f32cc8efd5",
                "sha256:e6e73b9e02893c764e7e8d5bb5ce277f1a009cd5243f8228f75f842bf937c534",
                "sha256:f73b96c41e3b2adedc34a7356e64c8eb96e03a3782b535e043a986276ce12a49",
                "sha256:f93fd8e5c8c0a4aa1f424d6173f14a892044054871c771f8566e4008eaa359d2",
                "sha256:fc33c5141b55ed366cfaad382df24fe7dcbc686de5be719b207bb248e3053dc5",
                "sha256:fc7de24befaeae77ba923797c7c87834c73648a05a4bde34b3b7e5588973a453",
                "sha256:fe562eb1a64e67dd297ccc4f5addea2501664954f2692b69a76449ec7913ecbf"
            ],
            "markers": "python_version >= '3.9'",
            "version": "==2.0.0"
        },
        "cmk-crypto": {
            "editable": true,
            "path": "."
        },
        "cryptography": {
            "hashes": [
                "sha256:04959522f938493042d595a736e7dbdff6eb6cc2339c11465b3ff89343b65f65",
                "sha256:128c5edfe5e5938b86b03941e94fac9ee793a94452ad1365c9fc3f4f62216832",
                "sha256:1d25aee46d0c6f1a501adcddb2d2fee4b979381346a78558ed13e50aa8a59067",
                "sha256:24402210aa54baae71d99441d15bb5a1919c195398a87b563df84468160a65de",
                "sha256:258514877e15963bd43b558917bc9f54cf7cf866c38aa576ebf47a77ddbc43a4",
                "sha256:35719dc79d4730d30f1c2b6474bd6acda36ae2dfae1e3c16f2051f215df33ce0",
                "sha256:397655da831414d165029da9bc483bed2fe0e75dde6a1523ec2fe63f3c46046b",
                "sha256:3986ac1dee6def53797289999eabe84798ad7817f3e97779b5061a95b0ee4968",
                "sha256:420b1e4109cc95f0e5700eed79908cef9268265c773d3a66f7af1eef53d409ef",
                "sha256:42a1e5f98abb6391717978baf9f90dc28a743b7d9be7f0751a6f56a75d14065b",
                "sha256:462ad5cb1c148a22b2e3bcc5ad52504dff325d17daf5df8d88c17dda1f75f2a4",
                "sha256:506c4ff91eff4f82bdac7633318a526b1d1309fc07ca76a3ad182cb5b686d6d3",
                "sha256:5ad9ef796328c5e3c4ceed237a183f5d41d21150f972455a9d926593a1dcb308",
                "sha256:5d1c02a14ceb9148cc7816249f64f623fbfee39e8c03b3650d842ad3f34d637e",
                "sha256:5e51be372b26ef4ba3de3c167cd3d1022934bc838ae9eaad7e644986d2a3d163",
                "sha256:60627cf07e0d9274338521205899337c5d18249db56865f943cbe753aa96f40f",
                "sha256:65814c60f8cc400c63131584e3e1fad01235edba2614b61fbfbfa954082db0ee",
                "sha256:73510b83623e080a2c35c62c15298096e2a5dc8d51c3b4e1740211839d0dea77",
                "sha256:7bbc6ccf49d05ac8f7d7b5e2e2c33830d4fe2061def88210a126d130d7f71a85",
                "sha256:80406c3065e2c55d7f49a9550fe0c49b3f12e5bfff5dedb727e319e1afb9bf99",
                "sha256:84d4cced91f0f159a7ddacad249cc077e63195c36aac40b4150e7a57e84fffe7",
                "sha256:8a469028a86f12eb7d2fe97162d0634026d92a21f3ae0ac87ed1c4a447886c83",
                "sha256:91bbcb08347344f810cbe49065914fe048949648f6bd5c2519f34619142bbe85",
                "sha256:935ce7e3cfdb53e3536119a542b839bb94ec1ad081013e9ab9b7cfd478b05006",
                "sha256:9694078c5d44c157ef3162e3bf3946510b857df5a3955458381d1c7cfc143ddb",
                "sha256:a1529d614f44b863a7b480c6d000fe93b59acee9c82ffa027cfadc77521a9f5e",
                "sha256:abad9dac36cbf55de6eb49badd4016806b3165d396f64925bf2999bcb67837ba",
                "sha256:b36a4695e29fe69215d75960b22577197aca3f7a25b9cf9d165dcfe9d80bc325",
                "sha256:b7b412817be92117ec5ed95f880defe9cf18a832e8cafacf0a22337dc1981b4d",
                "sha256:c5b1ccd1239f48b7151a65bc6dd54bcfcc15e028c8ac126d3fada09db0e07ef1",
                "sha256:cbd5fb06b62bd0721e1170273d3f4d5a277044c47ca27ee257025146c34cbdd1",
                "sha256:cdf1a610ef82abb396451862739e3fc93b071c844399e15b90726ef7470eeaf2",
                "sha256:cdfbe22376065ffcf8be74dc9a909f032df19bc58a699456a21712d6e5eabfd0",
                "sha256:d02c738dacda7dc2a74d1b2b3177042009d5cab7c7079db74afc19e56ca1b455",
                "sha256:d151173275e1728cf7839aaa80c34fe550c04ddb27b34f48c232193df8db5842",
                "sha256:d23c8ca48e44ee015cd0a54aeccdf9f09004eba9fc96f38c911011d9ff1bd457",
                "sha256:d3b99c535a9de0adced13d159c5a9cf65c325601aa30f4be08afd680643e9c15",
                "sha256:d5f7520159cd9c2154eb61eb67548ca05c5774d39e9c2c4339fd793fe7d097b2",
                "sha256:db0f493b9181c7820c8134437eb8b0b4792085d37dbb24da050476ccb664e59c",
                "sha256:e06acf3c99be55aa3b516397fe42f5855597f430add9c17fa46bf2e0fb34c9bb",
                "sha256:e4cfd68c5f3e0bfdad0d38e023239b96a2fe84146481852dffbcca442c245aa5",
                "sha256:ea42cbe97209df307fdc3b155f1b6fa2577c0defa8f1f7d3be7d31d189108ad4",
                "sha256:ebd6daf519b9f189f85c479427bbd6e9c9037862cf8fe89ee35503bd209ed902",
                "sha256:f247c8c1a1fb45e12586afbb436ef21ff1e80670b2861a90353d9b025583d246",
                "sha256:fbfd0e5f273877695cb93baf14b185f4878128b250cc9f8e617ea0c025dfb022",
                "sha256:fc9ab8856ae6cf7c9358430e49b368f3108f050031442eaeb6b9d87e4dcf4e4f",
                "sha256:fcd8eac50d9138c1d7fc53a653ba60a2bee81a505f9f8850b6b2888555a45d0e",
                "sha256:fdd1736fed309b4300346f88f74cd120c27c56852c3838cab416e7a166f67298",
                "sha256:ffca7aa1d00cf7d6469b988c581598f2259e46215e0140af408966a24cf086ce"
            ],
            "index": "pypi",
            "markers": "python_version >= '3.8' and python_full_version not in '3.9.0, 3.9.1'",
            "version": "==46.0.7"
        },
        "pycparser": {
            "hashes": [
                "sha256:600f49d217304a5902ac3c37e1281c9fe94e4d0489de643a9504c5cdfdfc6b29",
                "sha256:b727414169a36b7d524c1c3e31839a521725078d7b2ff038656844266160a992"
            ],
            "markers": "python_version >= '3.10'",
            "version": "==3.0"
        },
        "python-dateutil": {
            "hashes": [
                "sha256:37dd54208da7e1cd875388217d5e00ebd4179249f90fb72437e91a35459a0ad3",
                "sha256:a8b2bc7bffae282281c8140a97d3aa9c14da0b136dfe83f850eea9a5f7470427"
            ],
            "markers": "python_version >= '2.7' and python_version not in '3.0, 3.1, 3.2, 3.3'",
            "version": "==2.9.0.post0"
        },
        "six": {
            "hashes": [
                "sha256:1e61c37477a1626458e36f7b1d82aa5c9b094fa4802892072e49de9c60c4c926",
                "sha256:8abb2f1d86890a2dfb989f9a77cfcfd3e47c2a354b01111771326f8aa26e0254"
            ],
            "markers": "python_version >= '2.7' and python_version not in '3.0, 3.1, 3.2, 3.3'",
            "version": "==1.16.0"
        },
        "time-machine": {
            "hashes": [
                "sha256:008bd668d933b1a029c81805bcdc0132390c2545b103cf8e6709e3adbc37989d",
                "sha256:014589d0edd4aa14f8d63985745565e8cbbe48461d6c004a96000b47f6b44e78",
                "sha256:0302568338c8bd333ed0698231dbb781b70ead1a5579b4ac734b9bf88313229f",
                "sha256:0630a32e9ebcf2fac3704365b31e271fef6eabd6fedfa404cd8dbd244f7fc84d",
                "sha256:09fd839a321a92aa8183206c383b9725eaf4e0a28a70e4cb87db292b352eeefb",
                "sha256:0b2d28daf4cabc698aafb12135525d87dc1f2f893cbd29a8a6fe0d8d36d1342c",
                "sha256:1168eebd7af7e6e3e2fd378c16ca917b97dd81c89a1f1f9e1daa985c81699d90",
                "sha256:18fc4740073e67071472c48355775ec6d1b93af5c675524b7de2474e0dcd8741",
                "sha256:1dee3a0dd1866988c49a5d00564404db9bcdf49ca92f9c4e8b6c99609d64e698",
                "sha256:245ef73f9927b7d4909d554a6a0284dbc5dee9730adea599e430b37c9e9fa203",
                "sha256:29b988b1f09f2a083b12b6b054787b799ae91ee15bb0e9de3e48f880e4d68674",
                "sha256:31af56399bf7c9ef76a3f7b6d9471dffa8f06ee373c194a374b69523f9061de9",
                "sha256:3862dda89bdb05f9d521b08fdcb24b19a7dd9f559ae324f4301ba7a07b6eea64",
                "sha256:3b177d334a35bf2ce103bfe4e0e416e4ee824dd33386ea73fa7491c17cc61897",
                "sha256:3f7eadd820e792de33a9ec91f8178a2b9088e4e8b9a166953419ddc4ec5f7cfe",
                "sha256:4428bdae507996aa3fdeb4727bca09e26306fa64a502e7335207252684516cbf",
                "sha256:4601fe7a6b74c6fd9207e614d9db2a20dd4befd4d314677a0feac13a67189707",
                "sha256:4cd9f057457d12604be18b623bcd5ae7d0b917ad66cb510ee1135d5f123666e2",
                "sha256:4e83fd6112808d1d14d1a57397c6fa3bd71bb2f3b8800036e12366e3680819b9",
                "sha256:52468a0784544eba708c0ae6bc5e8c5dcfd685495a60f7f74028662c984bd9cd",
                "sha256:5d4073b754f90b19f28d036ec5143d3fca3a75e4d4241d78790a6178b00bb373",
                "sha256:5f7add997684bc6141e1c80f6ba0c38ffe316ba277a4074e61b1b7b4f5a172bf",
                "sha256:5ff655716cd13a242eef8cf5d368074e8b396ff86508a5933e7cff4f2b3eb3c2",
                "sha256:617c9a92d8d8f60d5ef39e76596620503752a09f834a218e5b83be352fdd6c91",
                "sha256:6425001e50a0c82108caed438233066cea04d42a8fc9c49bfcf081a5b96e5b4e",
                "sha256:658ea8477fa020f08435fb7277635eb0b50cd5206b9d4cbe10e9a5466b01f855",
                "sha256:65d395211736d9844537a530287a7c64b9fda1d353e899a0e1723986a0859154",
                "sha256:660810cd27a8a94cb5e845e8f28a95e70b01ff0c45466d394c4a0cba5a0ae279",
                "sha256:671e88a6209a1cf415dc0f8c67d2b2d3b55b436cc63801a518f9800ebd752959",
                "sha256:674097dd54a0bbd555e7927092c74428c4c07268ad52bca38cfccc3214707e50",
                "sha256:6f021aa2dbd8fbfe54d3fa2258518129108b7496922b3bcff2cf5991078eec67",
                "sha256:704abc7f3403584cca9c01c5809812e0bd70632ea4251389fae4f45e11aad94f",
                "sha256:73a8c8160d2a170dadcad5b82fb5ee53236a19cec0996651cf4d21da0a2574d5",
                "sha256:768d33b484a35da93731cc99bdc926b539240a78673216cdc6306833d9072350",
                "sha256:79bf1ef6850182e09d86e61fa31717da56014a3b2234afb025fca1f2a43ac07b",
                "sha256:838a6d117739f1ae6ecc45ec630fa694f41a85c0d07b1f3b1db2a6cc52c1808b",
                "sha256:8817b0f7d7830215261b18db83c9c3ef1da6bb64da5c292d7c70b9a46e5a6745",
                "sha256:892d016789b59950989b2db188dcd46cf16d34e8daf2343e33b679b0c5fd1001",
                "sha256:899f1a856b3bebb82b6cbc3c0014834b583b83f246b28e462a031ec1b766130b",
                "sha256:8c2b1c91b437133c672e374857eccb1dd2c2d9f8477ae3b35138382d5ef19846",
                "sha256:9479530e3fce65f6149058071fa4df8150025f15b43b103445f619842981a87c",
                "sha256:95c8e7036cf442480d0bf6f5fde371e1eb6dbbf5391d7bdb8db73bd8a732b538",
                "sha256:97dc6793e512a62ba9eab250134a2e67372c16ae9948e73d27c2ef355356e2e1",
                "sha256:9a6a9342fae113b12aab42c790880c549d9ba695b8deff27ee08096eedd67569",
                "sha256:a22f47c34ee1fcf7d93a8c5c93135499aac879d9d5d8f820bd28571a30fdabcd",
                "sha256:a731c03bc00552ee6cc685a59616d36003124e7e04c6ddf65c2c47f1c3d85480",
                "sha256:b095a1de40ca1afaeae8df3f45e26b645094a1912e6e6871e725fcf06ecdb74a",
                "sha256:b48abd7745caec1a78a16a048966cde14ff6ccb04d471a7201532648d3f77d14",
                "sha256:b5f3ab4185c1f72010846ca9fccb08349e23a2b52982a18d9870e848ce9f1c86",
                "sha256:b684f8ecdeacd6baabc17b15ac1b054ca62029193e6c5367ef00b3516671de80",
                "sha256:b7b647684eb2e1fd1e5e6b101249d5fe9d6117c117b5e336ad8dd75af48d2d1f",
                "sha256:bcbb25029ee8756f10c6473cea5ef21707a1d9a8752cdf29fad3a5f34aa4a313",
                "sha256:c0473dfa8f17c6a9a250b2bd6a5b62af3aa7d22518f701649115f1085d5e35ab",
                "sha256:c08800c28160f4d32ca510128b4e201a43c813e7a2dd53178fa79ebe050eba13",
                "sha256:c344eb09fcfbf71e5b5847d4f188fec98e1c3a976125ef571eac5f1c39e7a5e5",
                "sha256:c596920d6017702a36e3a43fd8110a84e87d6229f30b84bd5640cbae9b5145da",
                "sha256:c947135750d20f35acac290c34f1acf5771fc166a3fbc0e3816a97c756aaa5f5",
                "sha256:d24d2ec74923b49bce7618e3e7762baa6be74e624d9829d5632321de102bf386",
                "sha256:d828721dcbcb94b904a6b25df67c2513ecd24cd9e36694f38b9f0fa71c7c6103",
                "sha256:ddad27a62df2ea47b7b483009fbfcf167a71d702cbd8e2eefd9ddc1c93146658",
                "sha256:df6f618b98f0848fd8d07039541e10f23db679d8283f8719e870a98e1ef8e639",
                "sha256:e1790481a6b9ce38888f22ce30710244067898c3ac4805a0e061e381f3db3506",
                "sha256:e6776840aea3ff5ab6924b50117957da62db51b109b3b491c0d5817a804b1a8e",
                "sha256:e99689f6c6b9ca6e2fc7a75d140e38c5a7985dab61fe1f4e506268f7e9844e05",
                "sha256:ebd2e63baa117ded04b978813fcd1279d3fc6be2149c9cac75c716b6f1db774c",
                "sha256:f50f10058b884d45cd8a50423bf561b1f9f9df7058abeb8b318700c8bcf4bb54",
                "sha256:f5b94cba3edfc54bcb3ab5be616a2f50fa48be438e5af970824efdf882d1bc31"
            ],
            "markers": "python_version >= '3.8'",
            "version": "==2.15.0"
        },
        "types-python-dateutil": {
            "hashes": [
                "sha256:5d2f2e240b86905e40944dd787db6da9263f0deabef1076ddaed797351ec0202",
                "sha256:6b8cb66d960771ce5ff974e9dd45e38facb81718cc1e208b10b1baccbfdbee3b"
            ],
            "markers": "python_version >= '3.8'",
            "version": "==2.9.0.20240316"
        }
    },
    "develop": {
        "astroid": {
            "hashes": [
                "sha256:0e14202810b30da1b735827f78f5157be2bbd4a7a59b7707ca0bfc2fb4c0063a",
                "sha256:413658a61eeca6202a59231abb473f932038fbcbf1666587f66d482083413a25"
            ],
            "markers": "python_full_version >= '3.8.0'",
            "version": "==3.2.4"
        },
        "bandit": {
            "hashes": [
                "sha256:52077cb339000f337fb25f7e045995c4ad01511e716e5daac37014b9752de8ec",
                "sha256:7c395a436743018f7be0a4cbb0a4ea9b902b6d87264ddecf8cfdc73b4f78ff61"
            ],
            "index": "pypi",
            "markers": "python_version >= '3.8'",
            "version": "==1.7.9"
        },
        "black": {
            "hashes": [
                "sha256:2500945420b6784c38b9ee885af039f5e7471ef284ab03fa35ecdde4688cd83f",
                "sha256:2b59b250fdba5f9a9cd9d0ece6e6d993d91ce877d121d161e4698af3eb9c1018",
                "sha256:972085c618ee94f402da1af548a4f218c754ea7e5dc70acb168bfaca4c2542ed"
            ],
            "index": "pypi",
            "markers": "python_version >= '3.8'",
            "version": "==24.8.0"
        },
        "click": {
            "hashes": [
                "sha256:ae74fb96c20a0277a1d615f1e4d73c8414f5a98db8b799a7931d1582f3390c28",
                "sha256:ca9853ad459e787e2192211578cc907e7594e294c7ccc834310722b41b9ca6de"
            ],
            "markers": "python_version >= '3.7'",
            "version": "==8.1.7"
        },
        "dill": {
            "hashes": [
                "sha256:3ebe3c479ad625c4553aca177444d89b486b1d84982eeacded644afc0cf797ca",
                "sha256:c36ca9ffb54365bdd2f8eb3eff7d2a21237f8452b57ace88b1ac615b7e815bd7"
            ],
            "markers": "python_version >= '3.11'",
            "version": "==0.3.8"
        },
        "docstring-to-markdown": {
            "hashes": [
                "sha256:27afb3faedba81e34c33521c32bbd258d7fbb79eedf7d29bc4e81080e854aec0",
                "sha256:e146114d9c50c181b1d25505054a8d0f7a476837f0da2c19f07e06eaed52b73d"
            ],
            "markers": "python_version >= '3.6'",
            "version": "==0.15"
        },
        "iniconfig": {
            "hashes": [
                "sha256:c76315c77db068650d49c5b56314774a7804df16fee4402c1f19d6d15d8c4730",
                "sha256:f631c04d2c48c52b84d0d0549c99ff3859c98df65b3101406327ecc7d53fbf12"
            ],
            "markers": "python_version >= '3.10'",
            "version": "==2.3.0"
        },
        "isort": {
            "hashes": [
                "sha256:48fdfcb9face5d58a4f6dde2e72a1fb8dcaf8ab26f95ab49fab84c2ddefb0109",
                "sha256:8ca5e72a8d85860d5a3fa69b8745237f2939afe12dbf656afbcb47fe72d947a6"
            ],
            "index": "pypi",
            "markers": "python_full_version >= '3.8.0'",
            "version": "==5.13.2"
        },
        "jedi": {
            "hashes": [
                "sha256:cf0496f3651bc65d7174ac1b7d043eff454892c708a87d1b683e57b569927ffd",
                "sha256:e983c654fe5c02867aef4cdfce5a2fbb4a50adc0af145f70504238f18ef5e7e0"
            ],
            "markers": "python_version >= '3.6'",
            "version": "==0.19.1"
        },
        "markdown-it-py": {
            "hashes": [
                "sha256:355216845c60bd96232cd8d8c40e8f9765cc86f46880e43a8fd22dc1a1a8cab1",
                "sha256:e3f60a94fa066dc52ec76661e37c851cb232d92f9886b15cb560aaada2df8feb"
            ],
            "markers": "python_version >= '3.8'",
            "version": "==3.0.0"
        },
        "mccabe": {
            "hashes": [
                "sha256:348e0240c33b60bbdf4e523192ef919f28cb2c3d7d5c7794f74009290f236325",
                "sha256:6c2d30ab6be0e4a46919781807b4f0d834ebdd6c6e3dca0bda5a15f863427b6e"
            ],
            "markers": "python_version >= '3.6'",
            "version": "==0.7.0"
        },
        "mdurl": {
            "hashes": [
                "sha256:84008a41e51615a49fc9966191ff91509e3c40b939176e643fd50a5c2196b8f8",
                "sha256:bb413d29f5eea38f31dd4754dd7377d4465116fb207585f97bf925588687c1ba"
            ],
            "markers": "python_version >= '3.7'",
            "version": "==0.1.2"
        },
        "mypy": {
            "hashes": [
                "sha256:0624bdb940255d2dd24e829d99a13cfeb72e4e9031f9492148f410ed30bcab54",
                "sha256:b868d3bcff720dd7217c383474008ddabaf048fad8d78ed948bb4b624870a417",
                "sha256:f404a0b069709f18bbdb702eb3dcfe51910602995de00bd39cea3050b5772d08"
            ],
            "index": "pypi",
            "markers": "python_version >= '3.8'",
            "version": "==1.11.1"
        },
        "mypy-extensions": {
            "hashes": [
                "sha256:4392f6c0eb8a5668a69e23d168ffa70f0be9ccfd32b5cc2d26a34ae5b844552d",
                "sha256:75dbf8955dc00442a438fc4d0666508a9a97b6bd41aa2f0ffe9d2f2725af0782"
            ],
            "markers": "python_version >= '3.5'",
            "version": "==1.0.0"
        },
        "packaging": {
            "hashes": [
                "sha256:5fc45236b9446107ff2415ce77c807cee2862cb6fac22b8a73826d0693b0980e",
                "sha256:ff452ff5a3e828ce110190feff1178bb1f2ea2281fa2075aadb987c2fb221661"
            ],
            "markers": "python_version >= '3.8'",
            "version": "==26.2"
        },
        "parso": {
            "hashes": [
                "sha256:a418670a20291dacd2dddc80c377c5c3791378ee1e8d12bffc35420643d43f18",
                "sha256:eb3a7b58240fb99099a345571deecc0f9540ea5f4dd2fe14c2a99d6b281ab92d"
            ],
            "markers": "python_version >= '3.6'",
            "version": "==0.8.4"
        },
        "pathspec": {
            "hashes": [
                "sha256:a0d503e138a4c123b27490a4f7beda6a01c6f288df0e4a8b79c7eb0dc7b4cc08",
                "sha256:a482d51503a1ab33b1c67a6c3813a26953dbdc71c31dacaef9a838c4e29f5712"
            ],
            "markers": "python_version >= '3.8'",
            "version": "==0.12.1"
        },
        "pbr": {
            "hashes": [
                "sha256:4a7317d5e3b17a3dccb6a8cfe67dab65b20551404c52c8ed41279fa4f0cb4cda",
                "sha256:d1377122a5a00e2f940ee482999518efe16d745d423a670c27773dfbc3c9a7d9"
            ],
            "markers": "python_version >= '2.6'",
            "version": "==6.0.0"
        },
        "platformdirs": {
            "hashes": [
                "sha256:2d7a1657e36a80ea911db832a8a6ece5ee53d8de21edd5cc5879af6530b1bfee",
                "sha256:38b7b51f512eed9e84a22788b4bce1de17c0adb134d6becb09836e37d8654cd3"
            ],
            "markers": "python_version >= '3.8'",
            "version": "==4.2.2"
        },
        "pluggy": {
            "hashes": [
                "sha256:7dcc130b76258d33b90f61b658791dede3486c3e6bfb003ee5c9bfb396dd22f3",
                "sha256:e920276dd6813095e9377c0bc5566d94c932c33b27a3e3945d8389c374dd4746"
            ],
            "markers": "python_version >= '3.9'",
            "version": "==1.6.0"
        },
        "pygments": {
            "hashes": [
                "sha256:6757cd03768053ff99f3039c1a36d6c0aa0b263438fcab17520b30a303a82b5f",
                "sha256:81a9e26dd42fd28a23a2d169d86d7ac03b46e2f8b59ed4698fb4785f946d0176"
            ],
            "markers": "python_version >= '3.9'",
            "version": "==2.20.0"
        },
        "pylint": {
            "hashes": [
                "sha256:03c8e3baa1d9fb995b12c1dbe00aa6c4bcef210c2a2634374aedeb22fb4a8f8f",
                "sha256:a5d01678349454806cff6d886fb072294f56a58c4761278c97fb557d708e1eb3"
            ],
            "index": "pypi",
            "markers": "python_full_version >= '3.8.0'",
            "version": "==3.2.6"
        },
        "pyls-isort": {
            "hashes": [
                "sha256:2192bd2203db00459f85eb329521feba58af63075d2dd10a051a4eccd000bba0"
            ],
            "index": "pypi",
            "version": "==0.2.2"
        },
        "pylsp-mypy": {
            "hashes": [
                "sha256:3ea7c406d0f100317a212d8cd39075a2c139f1a4a2866d4412fe531b3f23b381",
                "sha256:3f8307ca07d7e253e50e38c5fe31c371ceace0bc33d31c3429fa035d6d41bd5f"
            ],
            "index": "pypi",
            "markers": "python_version >= '3.8'",
            "version": "==0.6.8"
        },
        "pytest": {
            "hashes": [
                "sha256:2c5efc453d45394fdd706ade797c0a81091eccd1d6e4bccfcd476e2b8e0ab5d9",
                "sha256:b86ada508af81d19edeb213c681b1d48246c1a91d304c6c81a427674c17eb91c"
            ],
            "index": "pypi",
            "markers": "python_version >= '3.10'",
            "version": "==9.0.3"
        },
        "python-lsp-black": {
            "hashes": [
                "sha256:8286d2d310c566844b3c116b824ada6fccfa6ba228b1a09a0526b74c04e0805f",
                "sha256:d5efdee45f5fa9e5241f5d4d396cd46127f45c85817916b1fd92c2986652bf7e"
            ],
            "index": "pypi",
            "markers": "python_version >= '3.8'",
            "version": "==2.0.0"
        },
        "python-lsp-jsonrpc": {
            "hashes": [
                "sha256:4688e453eef55cd952bff762c705cedefa12055c0aec17a06f595bcc002cc912",
                "sha256:7339c2e9630ae98903fdaea1ace8c47fba0484983794d6aafd0bd8989be2b03c"
            ],
            "markers": "python_version >= '3.8'",
            "version": "==1.1.2"
        },
        "python-lsp-server": {
            "hashes": [
                "sha256:278cb41ea69ca9f84ec99d4edc96ff5f2f9e795d240771dc46dc1653f56ddfe3",
                "sha256:89edd6fb3f7852e4bf5a3d1d95ea41484d1a28fa94b6e3cbff12b9db123b8e86"
            ],
            "index": "pypi",
            "markers": "python_version >= '3.8'",
            "version": "==1.11.0"
        },
        "pyyaml": {
            "hashes": [
                "sha256:01179a4a8559ab5de078078f37e5c1a30d76bb88519906844fd7bdea1b7729ff",
                "sha256:0833f8694549e586547b576dcfaba4a6b55b9e96098b36cdc7ebefe667dfed48",
                "sha256:0a9a2848a5b7feac301353437eb7d5957887edbf81d56e903999a75a3d743086",
                "sha256:0b69e4ce7a131fe56b7e4d770c67429700908fc0752af059838b1cfb41960e4e",
                "sha256:0ffe8360bab4910ef1b9e87fb812d8bc0a308b0d0eef8c8f44e0254ab3b07133",
                "sha256:11d8f3dd2b9c1207dcaf2ee0bbbfd5991f571186ec9cc78427ba5bd32afae4b5",
                "sha256:17e311b6c678207928d649faa7cb0d7b4c26a0ba73d41e99c4fff6b6c3276484",
                "sha256:1e2120ef853f59c7419231f3bf4e7021f1b936f6ebd222406c3b60212205d2ee",
                "sha256:1f71ea527786de97d1a0cc0eacd1defc0985dcf6b3f17bb77dcfc8c34bec4dc5",
                "sha256:23502f431948090f597378482b4812b0caae32c22213aecf3b55325e049a6c68",
                "sha256:24471b829b3bf607e04e88d79542a9d48bb037c2267d7927a874e6c205ca7e9a",
                "sha256:29717114e51c84ddfba879543fb232a6ed60086602313ca38cce623c1d62cfbf",
                "sha256:2e99c6826ffa974fe6e27cdb5ed0021786b03fc98e5ee3c5bfe1fd5015f42b99",
                "sha256:39693e1f8320ae4f43943590b49779ffb98acb81f788220ea932a6b6c51004d8",
                "sha256:3ad2a3decf9aaba3d29c8f537ac4b243e36bef957511b4766cb0057d32b0be85",
                "sha256:3b1fdb9dc17f5a7677423d508ab4f243a726dea51fa5e70992e59a7411c89d19",
                "sha256:41e4e3953a79407c794916fa277a82531dd93aad34e29c2a514c2c0c5fe971cc",
                "sha256:43fa96a3ca0d6b1812e01ced1044a003533c47f6ee8aca31724f78e93ccc089a",
                "sha256:50187695423ffe49e2deacb8cd10510bc361faac997de9efef88badc3bb9e2d1",
                "sha256:5ac9328ec4831237bec75defaf839f7d4564be1e6b25ac710bd1a96321cc8317",
                "sha256:5d225db5a45f21e78dd9358e58a98702a0302f2659a3c6cd320564b75b86f47c",
                "sha256:6395c297d42274772abc367baaa79683958044e5d3835486c16da75d2a694631",
                "sha256:688ba32a1cffef67fd2e9398a2efebaea461578b0923624778664cc1c914db5d",
                "sha256:68ccc6023a3400877818152ad9a1033e3db8625d899c72eacb5a668902e4d652",
                "sha256:70b189594dbe54f75ab3a1acec5f1e3faa7e8cf2f1e08d9b561cb41b845f69d5",
                "sha256:797b4f722ffa07cc8d62053e4cff1486fa6dc094105d13fea7b1de7d8bf71c9e",
                "sha256:7c36280e6fb8385e520936c3cb3b8042851904eba0e58d277dca80a5cfed590b",
                "sha256:7e7401d0de89a9a855c839bc697c079a4af81cf878373abd7dc625847d25cbd8",
                "sha256:80bab7bfc629882493af4aa31a4cfa43a4c57c83813253626916b8c7ada83476",
                "sha256:82d09873e40955485746739bcb8b4586983670466c23382c19cffecbf1fd8706",
                "sha256:8388ee1976c416731879ac16da0aff3f63b286ffdd57cdeb95f3f2e085687563",
                "sha256:8824b5a04a04a047e72eea5cec3bc266db09e35de6bdfe34c9436ac5ee27d237",
                "sha256:8b9c7197f7cb2738065c481a0461e50ad02f18c78cd75775628afb4d7137fb3b",
                "sha256:9056c1ecd25795207ad294bcf39f2db3d845767be0ea6e6a34d856f006006083",
                "sha256:936d68689298c36b53b29f23c6dbb74de12b4ac12ca6cfe0e047bedceea56180",
                "sha256:9b22676e8097e9e22e36d6b7bda33190d0d400f345f23d4065d48f4ca7ae0425",
                "sha256:a4d3091415f010369ae4ed1fc6b79def9416358877534caf6a0fdd2146c87a3e",
                "sha256:a8786accb172bd8afb8be14490a16625cbc387036876ab6ba70912730faf8e1f",
                "sha256:a9f8c2e67970f13b16084e04f134610fd1d374bf477b17ec1599185cf611d725",
                "sha256:bc2fa7c6b47d6bc618dd7fb02ef6fdedb1090ec036abab80d4681424b84c1183",
                "sha256:c70c95198c015b85feafc136515252a261a84561b7b1d51e3384e0655ddf25ab",
                "sha256:cc1c1159b3d456576af7a3e4d1ba7e6924cb39de8f67111c735f6fc832082774",
                "sha256:ce826d6ef20b1bc864f0a68340c8b3287705cae2f8b4b1d932177dcc76721725",
                "sha256:d584d9ec91ad65861cc08d42e834324ef890a082e591037abe114850ff7bbc3e",
                "sha256:d7fded462629cfa4b685c5416b949ebad6cec74af5e2d42905d41e257e0869f5",
                "sha256:d84a1718ee396f54f3a086ea0a66d8e552b2ab2017ef8b420e92edbc841c352d",
                "sha256:d8e03406cac8513435335dbab54c0d385e4a49e4945d2909a581c83647ca0290",
                "sha256:e10ce637b18caea04431ce14fabcf5c64a1c61ec9c56b071a4b7ca131ca52d44",
                "sha256:ec031d5d2feb36d1d1a24380e4db6d43695f3748343d99434e6f5f9156aaa2ed",
                "sha256:ef6107725bd54b262d6dedcc2af448a266975032bc85ef0172c5f059da6325b4",
                "sha256:efdca5630322a10774e8e98e1af481aad470dd62c3170801852d752aa7a783ba",
                "sha256:f753120cb8181e736c57ef7636e83f31b9c0d1722c516f7e86cf15b7aa57ff12",
                "sha256:ff3824dc5261f50c9b0dfb3be22b4567a6f938ccce4587b38952d85fd9e9afe4"
            ],
            "markers": "python_version >= '3.8'",
            "version": "==6.0.2"
        },
        "rich": {
            "hashes": [
                "sha256:4edbae314f59eb482f54e9e30bf00d33350aaa94f4bfcd4e9e3110e64d0d7222",
                "sha256:9be308cb1fe2f1f57d67ce99e95af38a1e2bc71ad9813b0e247cf7ffbcc3a432"
            ],
            "markers": "python_full_version >= '3.7.0'",
            "version": "==13.7.1"
        },
        "stevedore": {
            "hashes": [
                "sha256:1c15d95766ca0569cad14cb6272d4d31dae66b011a929d7c18219c176ea1b5c9",
                "sha256:46b93ca40e1114cea93d738a6c1e365396981bb6bb78c27045b7587c9473544d"
            ],
            "markers": "python_version >= '3.8'",
            "version": "==5.2.0"
        },
        "tomli": {
            "hashes": [
                "sha256:939de3e7a6161af0c887ef91b7d41a53e7c5a1ca976325f429cb46ea9bc30ecc",
                "sha256:de526c12914f0c550d15924c62d72abc48d6fe7364aa87328337a31007fe8a4f"
            ],
            "markers": "python_version >= '3.7'",
            "version": "==2.0.1"
        },
        "tomlkit": {
            "hashes": [
                "sha256:7a974427f6e119197f670fbbbeae7bef749a6c14e793db934baefc1b5f03efde",
                "sha256:fff5fe59a87295b278abd31bec92c15d9bc4a06885ab12bcea52c71119392e79"
            ],
            "markers": "python_version >= '3.8'",
            "version": "==0.13.2"
        },
        "typing-extensions": {
            "hashes": [
                "sha256:04e5ca0351e0f3f85c6853954072df659d0d13fac324d0072316b67d7794700d",
                "sha256:1a7ead55c7e559dd4dee8856e3a88b41225abfe1ce8df57b7c13915fe121ffb8"
            ],
            "markers": "python_version >= '3.8'",
            "version": "==4.12.2"
        },
        "ujson": {
            "hashes": [
                "sha256:07f307780f85b49cba93f291718421b6f5f3b627a323b431fad937a18f6587cb",
                "sha256:080bc65ac7c0a6314d45d55b6171d3a48b1aeaf89895654d625b291cfe46309f",
                "sha256:0be2b4f2f547b9f0f3d902640e410e5a2fc851576cbe033c88445a23e3e7aef1",
                "sha256:10f44bd08ae52ee23ca6e8b472692e5da1768af2d53ff1bad6f40b532e0bc7ee",
                "sha256:12e99e49c62322ed0394c914aff15403ba7ede0b74f05a0faa4ec12c7d17a139",
                "sha256:191d2077fd53441599a2efd3dcc205b9cc5f3a4d685a76e9f73f4b6c19aee0c9",
                "sha256:19ea07e29a45d199f926aadf93a9974128438c01b83141fba32477c0ee604b33",
                "sha256:1a09636220f26c66f80c6c6283023cb53120e843825f890be92696cd1aa43f39",
                "sha256:1c335caea51c31494e514b82d50763b9792d3960d2c7d9fdb6b6fb8ed50ebdd0",
                "sha256:251ba8229e19b4b0b3efb5e7e3ddfa67c5c466aa492707bc3f6568bf714604dc",
                "sha256:26dcb43869057373048cbd2678293c5b0f962d5774cc76fc9488564a209bcbf2",
                "sha256:289f13095764d03734adfa10107da9b530ceb64dc1b02a5f507588d978d5b7df",
                "sha256:29d1d64ed2c3c17666f4f0e15462800f3477255dc53667ad5d099277866c5666",
                "sha256:2cfbd6b0c677d5d053964b8f98d8bb1af10c591c8c24454bcd40006ac8ba18db",
                "sha256:3a6efff7dc6515416366819de4a1bc449b77107c5b48508b101fd40f7f8bec08",
                "sha256:3e30fa6bc7156ed709e13f8b52e917db08fbfd611ba61346b62630974ec0ba8e",
                "sha256:427893168d074e59214b0ee058337c57f5bb80175cdd5b4799a9c931aae22022",
                "sha256:45022aae09ac3d45bda6fbfc631088d1aff9a0465542d40bd6d295ced378c430",
                "sha256:46315b82505c99101dcab3bd979f15fecfde85c02df7efbb4e428fa357665290",
                "sha256:485f0182a0c0b54c304061cdc826d8343ce595c4055f7a24e72772a8520e5f7b",
                "sha256:49dd9c378e1c8e676785ff2b62cb490074229f15ab54abf45b623713cb2c36b5",
                "sha256:4e12ca368b397aed7fa1eec534ea1ba8d94977b376f9df3e93ae1acfd004ec40",
                "sha256:4ea0c490c702c20495e97345acfcf0c2f3153e658ef537ff111929c48b89e10a",
                "sha256:4f39ba3b65cc637b59731532f7e7c807786bff1d0332ab2d5b96a04d2584d78f",
                "sha256:50d07e79ec70d32b4fbe18ab706ed0b172be08710d5901b9d067d7951bfaa164",
                "sha256:558673c6c3a2309775683ca96d5f1e4cd99889f71b1ba5cb6be8aa37ae67f9e0",
                "sha256:5b7e96406c301a1366534479a7352ec40ec68bb327c0c119091635acd5925e35",
                "sha256:5dc91fa06ea35920b704fd9d70871897680145998071cfbf5ee3e19f2c9fc242",
                "sha256:66005b49c753a1b9f2f8853919dc58e1e6bd66846ea341a33afa76c6d7602485",
                "sha256:696224d4cfb8883fa5c0285dff31e5ce924704dd9ccd38e9ea8b5bf4a42b12fc",
                "sha256:6cc6ea753b7303fa5629fa9ac9257ea4b001c4d72583b2bb36ff1855a07db49f",
                "sha256:6d8827904358d7da59ccf2e1fd8de59e78248036d17fecc0462e62c6721f1102",
                "sha256:6f19e9a407a24230df0cc1ec1c0f5999872ba526b14a780f80ad6479f5eed9bc",
                "sha256:71bdb5d10c6d7e710cfa78e743d9fb79a37c7c66fa916cd287bffbaa520f5abe",
                "sha256:727e983ef27892d86ee2d28fd517eeb02b2c1165aafcbe929dce988aeee81bfe",
                "sha256:757f2026bef09d231d63a2250a2c7ad21ea1c9cb1ded6480659d202c4e2ef09e",
                "sha256:758e5c8fbe4e6d483041e03b307b01fb5d2f2dd4452d4d4b927ab902e188939e",
                "sha256:7642a41520ac1b2bc25ea282b66b8da522cc43424442e6fb5e039be4d4f96530",
                "sha256:77a71fe53427a0cf49d56eafd801d9f7e203b784b7f99cc717783fd6f6f7b732",
                "sha256:7957b64583793042521f7f7c71c01626b3d32a17528eaab980eb8cdc3d4eec68",
                "sha256:7bba5ab7965619db7d6f5503133b8e2d8bfce9bb6754224ca64d19261cc52f7c",
                "sha256:7dc5cf44ea42365cd1b66e6ed3fc6ca040c86587b024a6659b98e99d31cff2cd",
                "sha256:7e31afad20cd6837a5ac6965d95b44b0ff06e42a82b01a8d3dc606a07f0b7a2a",
                "sha256:80f58ae2be100da0f525330ee274accd8892d1c125fea75076f60539d9a5f9cd",
                "sha256:8416bb724db9accfa97bdb77245952494b1800c23e42defd46afb5c661c9af19",
                "sha256:8aa731138d6dfca4ab84501b72384e6c544bfb48cb87a0dd4d304df3246cac25",
                "sha256:8b657e870c77aaacdeea86cfad3e6d2ef9b52517e45988c9c367f7ee764fe4dd",
                "sha256:8df5d984ff4ac1ef292d70f30da03417038a7e1e0bc272d28ca9d34f02f41682",
                "sha256:949cb4863a5d4847edeb47c5364b334e8cadf23a7cbdaa547d86098a4b093106",
                "sha256:9523d67d45334f9a1d62e423bd72be62b58d2289a50420ffffa9363763eab73f",
                "sha256:963287e4b1bc463735c4056968a2dfa59bb831b6daba68bddd14f451191fe9e5",
                "sha256:984b5a99d1e0a037c2046c3c4b34cec832565d62d5017be0a035bf3cbfab72dc",
                "sha256:a7a81724d5d90a2da7155d15d8b156ce57eaed7cdd622df813f36a8e612fd4c8",
                "sha256:b21b4c680594c8686bcd4cdda0fd3ea2567b9d42bcf1d1e3d92d39bcdb02e8f1",
                "sha256:b22aa0f644516d3d5b29464949e4b23fe784f84b4a1030ab9ac3cb42aaedabb1",
                "sha256:b2c419bf42ae40963fc27f70c59e24e9a97f5cf168dbce2c572f3c0ce3595912",
                "sha256:b5db0849c0e3da54822a5834f2dc51d7c51072d7f7d665014ee34600dc10889b",
                "sha256:b6afa86c117b66034004ee83c5149c6dccf7cb88941f9d3a1640c7076577f2d4",
                "sha256:bca3f04b2f590a8211acdc3ca06649b65a7ed1e999437dccf095310be9d3ba4e",
                "sha256:bdc6b277dcd27663f7fb76b6a5088424c66e0407c23e9884f80cd733f7d71b19",
                "sha256:c4bdc052a5d097f0a2e56d93aed97355f9f7a62ef9baa4f8517e43245434af9c",
                "sha256:c6d3bdd020333688ee60559437021ed68a98a28fdd609b5af16de5dd58f90cba",
                "sha256:c8e626b6bc9bdd2e8f7393b7d99f3daa2ca4022e6203662e70de7bb3604b21b9",
                "sha256:cec6b9b539539affc1f01a795c99574592a635ce22331b64f2b42e0af570659e",
                "sha256:d57d731ecf492d3d011e65369f8330654f0875b19f646be5270d478e843d3b81",
                "sha256:d90d27953716ef206c42f166932b3dbb264dc638bbf32acae81b216ae35f566d",
                "sha256:dc26caebea90425662ef0b979f945f6ac832651881107d6ec9a3c4d4a4ba929c",
                "sha256:e08d9e096c416ddc34519241f97c201258b42639f2012d9547d8ae32921800dd",
                "sha256:e3c9c894971f4ada3ded16a804ed4640e1f2b3e5239beaeec7c48296f39f4232",
                "sha256:e4b0c9f6a56aa94bb98b403e1f57a866f0b43abaa89757b24d4a4b3cd8643ced",
                "sha256:ea3bed53d2ea8e5642e814a9e41f3e29420a8067874ba03ace8c0462e160490c",
                "sha256:ee83fbac03a0896faf190177c938f94eb610b798d495a19d50997242c4eca685",
                "sha256:f48ef8a16f1d85bd7982beac7adfd3fb704058631db84c1c61c8a1b7072b1508",
                "sha256:f6074d3d3267ba1914c624b6e1fa3d8152648ff36b0ab77ddf83b92db488c30d",
                "sha256:f67c5f0d64eba0fbbd6d2d6a79b0c43c5bc06f27564378fd5d716e0d40360068",
                "sha256:f75caed5b6d1fc271bb720a780c4199914267f7b865f9bf17826c4feccea582c"
            ],
            "index": "pypi",
            "markers": "python_version >= '3.10'",
            "version": "==5.12.1"
        }
    }
}
