{
    "_meta": {
        "hash": {
            "sha256": "01e08b8991f365a913f8b0f543048a4abfbc3539b3eb164fffd40df460ddab5d"
        },
        "pipfile-spec": 6,
        "requires": {
            "python_version": "3.12"
        },
        "sources": [
            {
                "name": "pypi",
                "url": "https://pypi.org/simple",
                "verify_ssl": true
            }
        ]
    },
    "default": {
        "cmk-rulesets": {
            "editable": true,
            "path": "."
        }
    },
    "develop": {
        "astroid": {
            "hashes": [
                "sha256:0e14202810b30da1b735827f78f5157be2bbd4a7a59b7707ca0bfc2fb4c0063a",
                "sha256:413658a61eeca6202a59231abb473f932038fbcbf1666587f66d482083413a25"
            ],
            "markers": "python_full_version >= '3.8.0'",
            "version": "==3.2.4"
        },
        "bandit": {
            "hashes": [
                "sha256:52077cb339000f337fb25f7e045995c4ad01511e716e5daac37014b9752de8ec",
                "sha256:7c395a436743018f7be0a4cbb0a4ea9b902b6d87264ddecf8cfdc73b4f78ff61"
            ],
            "index": "pypi",
            "markers": "python_version >= '3.8'",
            "version": "==1.7.9"
        },
        "black": {
            "hashes": [
                "sha256:2500945420b6784c38b9ee885af039f5e7471ef284ab03fa35ecdde4688cd83f",
                "sha256:2b59b250fdba5f9a9cd9d0ece6e6d993d91ce877d121d161e4698af3eb9c1018",
                "sha256:972085c618ee94f402da1af548a4f218c754ea7e5dc70acb168bfaca4c2542ed"
            ],
            "index": "pypi",
            "markers": "python_version >= '3.8'",
            "version": "==24.8.0"
        },
        "click": {
            "hashes": [
                "sha256:ae74fb96c20a0277a1d615f1e4d73c8414f5a98db8b799a7931d1582f3390c28",
                "sha256:ca9853ad459e787e2192211578cc907e7594e294c7ccc834310722b41b9ca6de"
            ],
            "markers": "python_version >= '3.7'",
            "version": "==8.1.7"
        },
        "dill": {
            "hashes": [
                "sha256:3ebe3c479ad625c4553aca177444d89b486b1d84982eeacded644afc0cf797ca",
                "sha256:c36ca9ffb54365bdd2f8eb3eff7d2a21237f8452b57ace88b1ac615b7e815bd7"
            ],
            "markers": "python_version >= '3.11'",
            "version": "==0.3.8"
        },
        "docstring-to-markdown": {
            "hashes": [
                "sha256:27afb3faedba81e34c33521c32bbd258d7fbb79eedf7d29bc4e81080e854aec0",
                "sha256:e146114d9c50c181b1d25505054a8d0f7a476837f0da2c19f07e06eaed52b73d"
            ],
            "markers": "python_version >= '3.6'",
            "version": "==0.15"
        },
        "iniconfig": {
            "hashes": [
                "sha256:c76315c77db068650d49c5b56314774a7804df16fee4402c1f19d6d15d8c4730",
                "sha256:f631c04d2c48c52b84d0d0549c99ff3859c98df65b3101406327ecc7d53fbf12"
            ],
            "markers": "python_version >= '3.10'",
            "version": "==2.3.0"
        },
        "isort": {
            "hashes": [
                "sha256:48fdfcb9face5d58a4f6dde2e72a1fb8dcaf8ab26f95ab49fab84c2ddefb0109",
                "sha256:8ca5e72a8d85860d5a3fa69b8745237f2939afe12dbf656afbcb47fe72d947a6"
            ],
            "index": "pypi",
            "markers": "python_full_version >= '3.8.0'",
            "version": "==5.13.2"
        },
        "jedi": {
            "hashes": [
                "sha256:cf0496f3651bc65d7174ac1b7d043eff454892c708a87d1b683e57b569927ffd",
                "sha256:e983c654fe5c02867aef4cdfce5a2fbb4a50adc0af145f70504238f18ef5e7e0"
            ],
            "markers": "python_version >= '3.6'",
            "version": "==0.19.1"
        },
        "markdown-it-py": {
            "hashes": [
                "sha256:355216845c60bd96232cd8d8c40e8f9765cc86f46880e43a8fd22dc1a1a8cab1",
                "sha256:e3f60a94fa066dc52ec76661e37c851cb232d92f9886b15cb560aaada2df8feb"
            ],
            "markers": "python_version >= '3.8'",
            "version": "==3.0.0"
        },
        "mccabe": {
            "hashes": [
                "sha256:348e0240c33b60bbdf4e523192ef919f28cb2c3d7d5c7794f74009290f236325",
                "sha256:6c2d30ab6be0e4a46919781807b4f0d834ebdd6c6e3dca0bda5a15f863427b6e"
            ],
            "markers": "python_version >= '3.6'",
            "version": "==0.7.0"
        },
        "mdurl": {
            "hashes": [
                "sha256:84008a41e51615a49fc9966191ff91509e3c40b939176e643fd50a5c2196b8f8",
                "sha256:bb413d29f5eea38f31dd4754dd7377d4465116fb207585f97bf925588687c1ba"
            ],
            "markers": "python_version >= '3.7'",
            "version": "==0.1.2"
        },
        "mypy": {
            "hashes": [
                "sha256:3d087fcbec056c4ee34974da493a826ce316947485cef3901f511848e687c131",
                "sha256:8f55583b12156c399dce2df7d16f8a5095291354f1e839c252ec6c0611e86e2e",
                "sha256:f8c083976eb530019175aabadb60921e73b4f45736760826aa1689dda8208aee"
            ],
            "index": "pypi",
            "markers": "python_version >= '3.8'",
            "version": "==1.10.0"
        },
        "mypy-extensions": {
            "hashes": [
                "sha256:4392f6c0eb8a5668a69e23d168ffa70f0be9ccfd32b5cc2d26a34ae5b844552d",
                "sha256:75dbf8955dc00442a438fc4d0666508a9a97b6bd41aa2f0ffe9d2f2725af0782"
            ],
            "markers": "python_version >= '3.5'",
            "version": "==1.0.0"
        },
        "packaging": {
            "hashes": [
                "sha256:5fc45236b9446107ff2415ce77c807cee2862cb6fac22b8a73826d0693b0980e",
                "sha256:ff452ff5a3e828ce110190feff1178bb1f2ea2281fa2075aadb987c2fb221661"
            ],
            "markers": "python_version >= '3.8'",
            "version": "==26.2"
        },
        "parso": {
            "hashes": [
                "sha256:a418670a20291dacd2dddc80c377c5c3791378ee1e8d12bffc35420643d43f18",
                "sha256:eb3a7b58240fb99099a345571deecc0f9540ea5f4dd2fe14c2a99d6b281ab92d"
            ],
            "markers": "python_version >= '3.6'",
            "version": "==0.8.4"
        },
        "pathspec": {
            "hashes": [
                "sha256:a0d503e138a4c123b27490a4f7beda6a01c6f288df0e4a8b79c7eb0dc7b4cc08",
                "sha256:a482d51503a1ab33b1c67a6c3813a26953dbdc71c31dacaef9a838c4e29f5712"
            ],
            "markers": "python_version >= '3.8'",
            "version": "==0.12.1"
        },
        "pbr": {
            "hashes": [
                "sha256:4a7317d5e3b17a3dccb6a8cfe67dab65b20551404c52c8ed41279fa4f0cb4cda",
                "sha256:d1377122a5a00e2f940ee482999518efe16d745d423a670c27773dfbc3c9a7d9"
            ],
            "markers": "python_version >= '2.6'",
            "version": "==6.0.0"
        },
        "platformdirs": {
            "hashes": [
                "sha256:2d7a1657e36a80ea911db832a8a6ece5ee53d8de21edd5cc5879af6530b1bfee",
                "sha256:38b7b51f512eed9e84a22788b4bce1de17c0adb134d6becb09836e37d8654cd3"
            ],
            "markers": "python_version >= '3.8'",
            "version": "==4.2.2"
        },
        "pluggy": {
            "hashes": [
                "sha256:7dcc130b76258d33b90f61b658791dede3486c3e6bfb003ee5c9bfb396dd22f3",
                "sha256:e920276dd6813095e9377c0bc5566d94c932c33b27a3e3945d8389c374dd4746"
            ],
            "markers": "python_version >= '3.9'",
            "version": "==1.6.0"
        },
        "pygments": {
            "hashes": [
                "sha256:6757cd03768053ff99f3039c1a36d6c0aa0b263438fcab17520b30a303a82b5f",
                "sha256:81a9e26dd42fd28a23a2d169d86d7ac03b46e2f8b59ed4698fb4785f946d0176"
            ],
            "markers": "python_version >= '3.9'",
            "version": "==2.20.0"
        },
        "pylint": {
            "hashes": [
                "sha256:03c8e3baa1d9fb995b12c1dbe00aa6c4bcef210c2a2634374aedeb22fb4a8f8f",
                "sha256:a5d01678349454806cff6d886fb072294f56a58c4761278c97fb557d708e1eb3"
            ],
            "index": "pypi",
            "markers": "python_full_version >= '3.8.0'",
            "version": "==3.2.6"
        },
        "pyls-isort": {
            "hashes": [
                "sha256:2192bd2203db00459f85eb329521feba58af63075d2dd10a051a4eccd000bba0"
            ],
            "index": "pypi",
            "version": "==0.2.2"
        },
        "pylsp-mypy": {
            "hashes": [
                "sha256:3ea7c406d0f100317a212d8cd39075a2c139f1a4a2866d4412fe531b3f23b381",
                "sha256:3f8307ca07d7e253e50e38c5fe31c371ceace0bc33d31c3429fa035d6d41bd5f"
            ],
            "index": "pypi",
            "markers": "python_version >= '3.8'",
            "version": "==0.6.8"
        },
        "pytest": {
            "hashes": [
                "sha256:2c5efc453d45394fdd706ade797c0a81091eccd1d6e4bccfcd476e2b8e0ab5d9",
                "sha256:b86ada508af81d19edeb213c681b1d48246c1a91d304c6c81a427674c17eb91c"
            ],
            "index": "pypi",
            "markers": "python_version >= '3.10'",
            "version": "==9.0.3"
        },
        "python-lsp-black": {
            "hashes": [
                "sha256:8286d2d310c566844b3c116b824ada6fccfa6ba228b1a09a0526b74c04e0805f",
                "sha256:d5efdee45f5fa9e5241f5d4d396cd46127f45c85817916b1fd92c2986652bf7e"
            ],
            "index": "pypi",
            "markers": "python_version >= '3.8'",
            "version": "==2.0.0"
        },
        "python-lsp-jsonrpc": {
            "hashes": [
                "sha256:4688e453eef55cd952bff762c705cedefa12055c0aec17a06f595bcc002cc912",
                "sha256:7339c2e9630ae98903fdaea1ace8c47fba0484983794d6aafd0bd8989be2b03c"
            ],
            "markers": "python_version >= '3.8'",
            "version": "==1.1.2"
        },
        "python-lsp-server": {
            "hashes": [
                "sha256:278cb41ea69ca9f84ec99d4edc96ff5f2f9e795d240771dc46dc1653f56ddfe3",
                "sha256:89edd6fb3f7852e4bf5a3d1d95ea41484d1a28fa94b6e3cbff12b9db123b8e86"
            ],
            "index": "pypi",
            "markers": "python_version >= '3.8'",
            "version": "==1.11.0"
        },
        "pyyaml": {
            "hashes": [
                "sha256:01179a4a8559ab5de078078f37e5c1a30d76bb88519906844fd7bdea1b7729ff",
                "sha256:0833f8694549e586547b576dcfaba4a6b55b9e96098b36cdc7ebefe667dfed48",
                "sha256:0a9a2848a5b7feac301353437eb7d5957887edbf81d56e903999a75a3d743086",
                "sha256:0b69e4ce7a131fe56b7e4d770c67429700908fc0752af059838b1cfb41960e4e",
                "sha256:0ffe8360bab4910ef1b9e87fb812d8bc0a308b0d0eef8c8f44e0254ab3b07133",
                "sha256:11d8f3dd2b9c1207dcaf2ee0bbbfd5991f571186ec9cc78427ba5bd32afae4b5",
                "sha256:17e311b6c678207928d649faa7cb0d7b4c26a0ba73d41e99c4fff6b6c3276484",
                "sha256:1e2120ef853f59c7419231f3bf4e7021f1b936f6ebd222406c3b60212205d2ee",
                "sha256:1f71ea527786de97d1a0cc0eacd1defc0985dcf6b3f17bb77dcfc8c34bec4dc5",
                "sha256:23502f431948090f597378482b4812b0caae32c22213aecf3b55325e049a6c68",
                "sha256:24471b829b3bf607e04e88d79542a9d48bb037c2267d7927a874e6c205ca7e9a",
                "sha256:29717114e51c84ddfba879543fb232a6ed60086602313ca38cce623c1d62cfbf",
                "sha256:2e99c6826ffa974fe6e27cdb5ed0021786b03fc98e5ee3c5bfe1fd5015f42b99",
                "sha256:39693e1f8320ae4f43943590b49779ffb98acb81f788220ea932a6b6c51004d8",
                "sha256:3ad2a3decf9aaba3d29c8f537ac4b243e36bef957511b4766cb0057d32b0be85",
                "sha256:3b1fdb9dc17f5a7677423d508ab4f243a726dea51fa5e70992e59a7411c89d19",
                "sha256:41e4e3953a79407c794916fa277a82531dd93aad34e29c2a514c2c0c5fe971cc",
                "sha256:43fa96a3ca0d6b1812e01ced1044a003533c47f6ee8aca31724f78e93ccc089a",
                "sha256:50187695423ffe49e2deacb8cd10510bc361faac997de9efef88badc3bb9e2d1",
                "sha256:5ac9328ec4831237bec75defaf839f7d4564be1e6b25ac710bd1a96321cc8317",
                "sha256:5d225db5a45f21e78dd9358e58a98702a0302f2659a3c6cd320564b75b86f47c",
                "sha256:6395c297d42274772abc367baaa79683958044e5d3835486c16da75d2a694631",
                "sha256:688ba32a1cffef67fd2e9398a2efebaea461578b0923624778664cc1c914db5d",
                "sha256:68ccc6023a3400877818152ad9a1033e3db8625d899c72eacb5a668902e4d652",
                "sha256:70b189594dbe54f75ab3a1acec5f1e3faa7e8cf2f1e08d9b561cb41b845f69d5",
                "sha256:797b4f722ffa07cc8d62053e4cff1486fa6dc094105d13fea7b1de7d8bf71c9e",
                "sha256:7c36280e6fb8385e520936c3cb3b8042851904eba0e58d277dca80a5cfed590b",
                "sha256:7e7401d0de89a9a855c839bc697c079a4af81cf878373abd7dc625847d25cbd8",
                "sha256:80bab7bfc629882493af4aa31a4cfa43a4c57c83813253626916b8c7ada83476",
                "sha256:82d09873e40955485746739bcb8b4586983670466c23382c19cffecbf1fd8706",
                "sha256:8388ee1976c416731879ac16da0aff3f63b286ffdd57cdeb95f3f2e085687563",
                "sha256:8824b5a04a04a047e72eea5cec3bc266db09e35de6bdfe34c9436ac5ee27d237",
                "sha256:8b9c7197f7cb2738065c481a0461e50ad02f18c78cd75775628afb4d7137fb3b",
                "sha256:9056c1ecd25795207ad294bcf39f2db3d845767be0ea6e6a34d856f006006083",
                "sha256:936d68689298c36b53b29f23c6dbb74de12b4ac12ca6cfe0e047bedceea56180",
                "sha256:9b22676e8097e9e22e36d6b7bda33190d0d400f345f23d4065d48f4ca7ae0425",
                "sha256:a4d3091415f010369ae4ed1fc6b79def9416358877534caf6a0fdd2146c87a3e",
                "sha256:a8786accb172bd8afb8be14490a16625cbc387036876ab6ba70912730faf8e1f",
                "sha256:a9f8c2e67970f13b16084e04f134610fd1d374bf477b17ec1599185cf611d725",
                "sha256:bc2fa7c6b47d6bc618dd7fb02ef6fdedb1090ec036abab80d4681424b84c1183",
                "sha256:c70c95198c015b85feafc136515252a261a84561b7b1d51e3384e0655ddf25ab",
                "sha256:cc1c1159b3d456576af7a3e4d1ba7e6924cb39de8f67111c735f6fc832082774",
                "sha256:ce826d6ef20b1bc864f0a68340c8b3287705cae2f8b4b1d932177dcc76721725",
                "sha256:d584d9ec91ad65861cc08d42e834324ef890a082e591037abe114850ff7bbc3e",
                "sha256:d7fded462629cfa4b685c5416b949ebad6cec74af5e2d42905d41e257e0869f5",
                "sha256:d84a1718ee396f54f3a086ea0a66d8e552b2ab2017ef8b420e92edbc841c352d",
                "sha256:d8e03406cac8513435335dbab54c0d385e4a49e4945d2909a581c83647ca0290",
                "sha256:e10ce637b18caea04431ce14fabcf5c64a1c61ec9c56b071a4b7ca131ca52d44",
                "sha256:ec031d5d2feb36d1d1a24380e4db6d43695f3748343d99434e6f5f9156aaa2ed",
                "sha256:ef6107725bd54b262d6dedcc2af448a266975032bc85ef0172c5f059da6325b4",
                "sha256:efdca5630322a10774e8e98e1af481aad470dd62c3170801852d752aa7a783ba",
                "sha256:f753120cb8181e736c57ef7636e83f31b9c0d1722c516f7e86cf15b7aa57ff12",
                "sha256:ff3824dc5261f50c9b0dfb3be22b4567a6f938ccce4587b38952d85fd9e9afe4"
            ],
            "markers": "python_version >= '3.8'",
            "version": "==6.0.2"
        },
        "rich": {
            "hashes": [
                "sha256:4edbae314f59eb482f54e9e30bf00d33350aaa94f4bfcd4e9e3110e64d0d7222",
                "sha256:9be308cb1fe2f1f57d67ce99e95af38a1e2bc71ad9813b0e247cf7ffbcc3a432"
            ],
            "markers": "python_full_version >= '3.7.0'",
            "version": "==13.7.1"
        },
        "stevedore": {
            "hashes": [
                "sha256:1c15d95766ca0569cad14cb6272d4d31dae66b011a929d7c18219c176ea1b5c9",
                "sha256:46b93ca40e1114cea93d738a6c1e365396981bb6bb78c27045b7587c9473544d"
            ],
            "markers": "python_version >= '3.8'",
            "version": "==5.2.0"
        },
        "tomli": {
            "hashes": [
                "sha256:939de3e7a6161af0c887ef91b7d41a53e7c5a1ca976325f429cb46ea9bc30ecc",
                "sha256:de526c12914f0c550d15924c62d72abc48d6fe7364aa87328337a31007fe8a4f"
            ],
            "markers": "python_version >= '3.7'",
            "version": "==2.0.1"
        },
        "tomlkit": {
            "hashes": [
                "sha256:7a974427f6e119197f670fbbbeae7bef749a6c14e793db934baefc1b5f03efde",
                "sha256:fff5fe59a87295b278abd31bec92c15d9bc4a06885ab12bcea52c71119392e79"
            ],
            "markers": "python_version >= '3.8'",
            "version": "==0.13.2"
        },
        "typing-extensions": {
            "hashes": [
                "sha256:04e5ca0351e0f3f85c6853954072df659d0d13fac324d0072316b67d7794700d",
                "sha256:1a7ead55c7e559dd4dee8856e3a88b41225abfe1ce8df57b7c13915fe121ffb8"
            ],
            "markers": "python_version >= '3.8'",
            "version": "==4.12.2"
        },
        "ujson": {
            "hashes": [
                "sha256:07f307780f85b49cba93f291718421b6f5f3b627a323b431fad937a18f6587cb",
                "sha256:080bc65ac7c0a6314d45d55b6171d3a48b1aeaf89895654d625b291cfe46309f",
                "sha256:0be2b4f2f547b9f0f3d902640e410e5a2fc851576cbe033c88445a23e3e7aef1",
                "sha256:10f44bd08ae52ee23ca6e8b472692e5da1768af2d53ff1bad6f40b532e0bc7ee",
                "sha256:12e99e49c62322ed0394c914aff15403ba7ede0b74f05a0faa4ec12c7d17a139",
                "sha256:191d2077fd53441599a2efd3dcc205b9cc5f3a4d685a76e9f73f4b6c19aee0c9",
                "sha256:19ea07e29a45d199f926aadf93a9974128438c01b83141fba32477c0ee604b33",
                "sha256:1a09636220f26c66f80c6c6283023cb53120e843825f890be92696cd1aa43f39",
                "sha256:1c335caea51c31494e514b82d50763b9792d3960d2c7d9fdb6b6fb8ed50ebdd0",
                "sha256:251ba8229e19b4b0b3efb5e7e3ddfa67c5c466aa492707bc3f6568bf714604dc",
                "sha256:26dcb43869057373048cbd2678293c5b0f962d5774cc76fc9488564a209bcbf2",
                "sha256:289f13095764d03734adfa10107da9b530ceb64dc1b02a5f507588d978d5b7df",
                "sha256:29d1d64ed2c3c17666f4f0e15462800f3477255dc53667ad5d099277866c5666",
                "sha256:2cfbd6b0c677d5d053964b8f98d8bb1af10c591c8c24454bcd40006ac8ba18db",
                "sha256:3a6efff7dc6515416366819de4a1bc449b77107c5b48508b101fd40f7f8bec08",
                "sha256:3e30fa6bc7156ed709e13f8b52e917db08fbfd611ba61346b62630974ec0ba8e",
                "sha256:427893168d074e59214b0ee058337c57f5bb80175cdd5b4799a9c931aae22022",
                "sha256:45022aae09ac3d45bda6fbfc631088d1aff9a0465542d40bd6d295ced378c430",
                "sha256:46315b82505c99101dcab3bd979f15fecfde85c02df7efbb4e428fa357665290",
                "sha256:485f0182a0c0b54c304061cdc826d8343ce595c4055f7a24e72772a8520e5f7b",
                "sha256:49dd9c378e1c8e676785ff2b62cb490074229f15ab54abf45b623713cb2c36b5",
                "sha256:4e12ca368b397aed7fa1eec534ea1ba8d94977b376f9df3e93ae1acfd004ec40",
                "sha256:4ea0c490c702c20495e97345acfcf0c2f3153e658ef537ff111929c48b89e10a",
                "sha256:4f39ba3b65cc637b59731532f7e7c807786bff1d0332ab2d5b96a04d2584d78f",
                "sha256:50d07e79ec70d32b4fbe18ab706ed0b172be08710d5901b9d067d7951bfaa164",
                "sha256:558673c6c3a2309775683ca96d5f1e4cd99889f71b1ba5cb6be8aa37ae67f9e0",
                "sha256:5b7e96406c301a1366534479a7352ec40ec68bb327c0c119091635acd5925e35",
                "sha256:5dc91fa06ea35920b704fd9d70871897680145998071cfbf5ee3e19f2c9fc242",
                "sha256:66005b49c753a1b9f2f8853919dc58e1e6bd66846ea341a33afa76c6d7602485",
                "sha256:696224d4cfb8883fa5c0285dff31e5ce924704dd9ccd38e9ea8b5bf4a42b12fc",
                "sha256:6cc6ea753b7303fa5629fa9ac9257ea4b001c4d72583b2bb36ff1855a07db49f",
                "sha256:6d8827904358d7da59ccf2e1fd8de59e78248036d17fecc0462e62c6721f1102",
                "sha256:6f19e9a407a24230df0cc1ec1c0f5999872ba526b14a780f80ad6479f5eed9bc",
                "sha256:71bdb5d10c6d7e710cfa78e743d9fb79a37c7c66fa916cd287bffbaa520f5abe",
                "sha256:727e983ef27892d86ee2d28fd517eeb02b2c1165aafcbe929dce988aeee81bfe",
                "sha256:757f2026bef09d231d63a2250a2c7ad21ea1c9cb1ded6480659d202c4e2ef09e",
                "sha256:758e5c8fbe4e6d483041e03b307b01fb5d2f2dd4452d4d4b927ab902e188939e",
                "sha256:7642a41520ac1b2bc25ea282b66b8da522cc43424442e6fb5e039be4d4f96530",
                "sha256:77a71fe53427a0cf49d56eafd801d9f7e203b784b7f99cc717783fd6f6f7b732",
                "sha256:7957b64583793042521f7f7c71c01626b3d32a17528eaab980eb8cdc3d4eec68",
                "sha256:7bba5ab7965619db7d6f5503133b8e2d8bfce9bb6754224ca64d19261cc52f7c",
                "sha256:7dc5cf44ea42365cd1b66e6ed3fc6ca040c86587b024a6659b98e99d31cff2cd",
                "sha256:7e31afad20cd6837a5ac6965d95b44b0ff06e42a82b01a8d3dc606a07f0b7a2a",
                "sha256:80f58ae2be100da0f525330ee274accd8892d1c125fea75076f60539d9a5f9cd",
                "sha256:8416bb724db9accfa97bdb77245952494b1800c23e42defd46afb5c661c9af19",
                "sha256:8aa731138d6dfca4ab84501b72384e6c544bfb48cb87a0dd4d304df3246cac25",
                "sha256:8b657e870c77aaacdeea86cfad3e6d2ef9b52517e45988c9c367f7ee764fe4dd",
                "sha256:8df5d984ff4ac1ef292d70f30da03417038a7e1e0bc272d28ca9d34f02f41682",
                "sha256:949cb4863a5d4847edeb47c5364b334e8cadf23a7cbdaa547d86098a4b093106",
                "sha256:9523d67d45334f9a1d62e423bd72be62b58d2289a50420ffffa9363763eab73f",
                "sha256:963287e4b1bc463735c4056968a2dfa59bb831b6daba68bddd14f451191fe9e5",
                "sha256:984b5a99d1e0a037c2046c3c4b34cec832565d62d5017be0a035bf3cbfab72dc",
                "sha256:a7a81724d5d90a2da7155d15d8b156ce57eaed7cdd622df813f36a8e612fd4c8",
                "sha256:b21b4c680594c8686bcd4cdda0fd3ea2567b9d42bcf1d1e3d92d39bcdb02e8f1",
                "sha256:b22aa0f644516d3d5b29464949e4b23fe784f84b4a1030ab9ac3cb42aaedabb1",
                "sha256:b2c419bf42ae40963fc27f70c59e24e9a97f5cf168dbce2c572f3c0ce3595912",
                "sha256:b5db0849c0e3da54822a5834f2dc51d7c51072d7f7d665014ee34600dc10889b",
                "sha256:b6afa86c117b66034004ee83c5149c6dccf7cb88941f9d3a1640c7076577f2d4",
                "sha256:bca3f04b2f590a8211acdc3ca06649b65a7ed1e999437dccf095310be9d3ba4e",
                "sha256:bdc6b277dcd27663f7fb76b6a5088424c66e0407c23e9884f80cd733f7d71b19",
                "sha256:c4bdc052a5d097f0a2e56d93aed97355f9f7a62ef9baa4f8517e43245434af9c",
                "sha256:c6d3bdd020333688ee60559437021ed68a98a28fdd609b5af16de5dd58f90cba",
                "sha256:c8e626b6bc9bdd2e8f7393b7d99f3daa2ca4022e6203662e70de7bb3604b21b9",
                "sha256:cec6b9b539539affc1f01a795c99574592a635ce22331b64f2b42e0af570659e",
                "sha256:d57d731ecf492d3d011e65369f8330654f0875b19f646be5270d478e843d3b81",
                "sha256:d90d27953716ef206c42f166932b3dbb264dc638bbf32acae81b216ae35f566d",
                "sha256:dc26caebea90425662ef0b979f945f6ac832651881107d6ec9a3c4d4a4ba929c",
                "sha256:e08d9e096c416ddc34519241f97c201258b42639f2012d9547d8ae32921800dd",
                "sha256:e3c9c894971f4ada3ded16a804ed4640e1f2b3e5239beaeec7c48296f39f4232",
                "sha256:e4b0c9f6a56aa94bb98b403e1f57a866f0b43abaa89757b24d4a4b3cd8643ced",
                "sha256:ea3bed53d2ea8e5642e814a9e41f3e29420a8067874ba03ace8c0462e160490c",
                "sha256:ee83fbac03a0896faf190177c938f94eb610b798d495a19d50997242c4eca685",
                "sha256:f48ef8a16f1d85bd7982beac7adfd3fb704058631db84c1c61c8a1b7072b1508",
                "sha256:f6074d3d3267ba1914c624b6e1fa3d8152648ff36b0ab77ddf83b92db488c30d",
                "sha256:f67c5f0d64eba0fbbd6d2d6a79b0c43c5bc06f27564378fd5d716e0d40360068",
                "sha256:f75caed5b6d1fc271bb720a780c4199914267f7b865f9bf17826c4feccea582c"
            ],
            "index": "pypi",
            "markers": "python_version >= '3.10'",
            "version": "==5.12.1"
        }
    }
}
